
Microsoft Visual Studio Solution File, Format Version 12.00
# Visual Studio Version 17
VisualStudioVersion = 17.10.35004.147
MinimumVisualStudioVersion = 10.0.40219.1
Project("{FAE04EC0-301F-11D3-BF4B-00C04F79EFBC}") = "NoMoreParthenogenesis_NativeModloader", "NoMoreParthenogenesis_NativeModloader\NoMoreParthenogenesis_NativeModloader.csproj", "{9C0BBB7E-B716-46C1-85CF-FA06E4029A91}"
EndProject
Global
	GlobalSection(SolutionConfigurationPlatforms) = preSolution
		Debug|Any CPU = Debug|Any CPU
		Release|Any CPU = Release|Any CPU
	EndGlobalSection
	GlobalSection(ProjectConfigurationPlatforms) = postSolution
		{9C0BBB7E-B716-46C1-85CF-FA06E4029A91}.Debug|Any CPU.ActiveCfg = Debug|Any CPU
		{9C0BBB7E-B716-46C1-85CF-FA06E4029A91}.Debug|Any CPU.Build.0 = Debug|Any CPU
		{9C0BBB7E-B716-46C1-85CF-FA06E4029A91}.Release|Any CPU.ActiveCfg = Release|Any CPU
		{9C0BBB7E-B716-46C1-85CF-FA06E4029A91}.Release|Any CPU.Build.0 = Release|Any CPU
	EndGlobalSection
	GlobalSection(SolutionProperties) = preSolution
		HideSolutionNode = FALSE
	EndGlobalSection
	GlobalSection(ExtensibilityGlobals) = postSolution
		SolutionGuid = {2E860C0F-15F6-4F2B-B6B7-CBF41F3F8B3F}
	EndGlobalSection
EndGlobal
